
Microsoft Visual Studio Solution File, Format Version 12.00
# Visual Studio Version 16
VisualStudioVersion = 16.0.30907.101
MinimumVisualStudioVersion = 10.0.40219.1
Project("{2150E333-8FDC-42A3-9474-1A3956D46DE8}") = "02. Handling events", "02. Handling events", "{18C8923B-98DE-41A2-86E8-30B0376EB1C8}"
EndProject
Project("{2150E333-8FDC-42A3-9474-1A3956D46DE8}") = "Ex1", "Ex1", "{FEB727F5-7124-4833-99C4-920509189FE2}"
EndProject
Project("{2150E333-8FDC-42A3-9474-1A3956D46DE8}") = "Ex2", "Ex2", "{85DA03A1-5079-4118-9AAD-1EA07C74E98E}"
EndProject
Project("{2150E333-8FDC-42A3-9474-1A3956D46DE8}") = "Ex3", "Ex3", "{AEEA7D0D-D66D-4FD3-97AC-426577F36E17}"
EndProject
Project("{9A19103F-16F7-4668-BE54-9A1E7A4F7556}") = "EX1", "02. Handling events\Relatively easy\02. WpfExercise v.1\EX1.csproj", "{B73615BD-F426-4AD4-8FAA-5B11275F1E74}"
EndProject
Project("{9A19103F-16F7-4668-BE54-9A1E7A4F7556}") = "EX3", "02. Handling events\Average difficulty\02. WpfExercise v.2\EX3.csproj", "{BDB59920-1A1D-46EB-AF06-5AD280519B61}"
EndProject
Project("{9A19103F-16F7-4668-BE54-9A1E7A4F7556}") = "EX2", "02. Handling events\Harder than average\02. WpfExercise v.3\EX2.csproj", "{D39D1396-A273-4162-9DF8-879A5CAE6D25}"
EndProject
Global
	GlobalSection(SolutionConfigurationPlatforms) = preSolution
		Debug|Any CPU = Debug|Any CPU
		Release|Any CPU = Release|Any CPU
	EndGlobalSection
	GlobalSection(ProjectConfigurationPlatforms) = postSolution
		{B73615BD-F426-4AD4-8FAA-5B11275F1E74}.Debug|Any CPU.ActiveCfg = Debug|Any CPU
		{B73615BD-F426-4AD4-8FAA-5B11275F1E74}.Debug|Any CPU.Build.0 = Debug|Any CPU
		{B73615BD-F426-4AD4-8FAA-5B11275F1E74}.Release|Any CPU.ActiveCfg = Release|Any CPU
		{B73615BD-F426-4AD4-8FAA-5B11275F1E74}.Release|Any CPU.Build.0 = Release|Any CPU
		{BDB59920-1A1D-46EB-AF06-5AD280519B61}.Debug|Any CPU.ActiveCfg = Debug|Any CPU
		{BDB59920-1A1D-46EB-AF06-5AD280519B61}.Debug|Any CPU.Build.0 = Debug|Any CPU
		{BDB59920-1A1D-46EB-AF06-5AD280519B61}.Release|Any CPU.ActiveCfg = Release|Any CPU
		{BDB59920-1A1D-46EB-AF06-5AD280519B61}.Release|Any CPU.Build.0 = Release|Any CPU
		{D39D1396-A273-4162-9DF8-879A5CAE6D25}.Debug|Any CPU.ActiveCfg = Debug|Any CPU
		{D39D1396-A273-4162-9DF8-879A5CAE6D25}.Debug|Any CPU.Build.0 = Debug|Any CPU
		{D39D1396-A273-4162-9DF8-879A5CAE6D25}.Release|Any CPU.ActiveCfg = Release|Any CPU
		{D39D1396-A273-4162-9DF8-879A5CAE6D25}.Release|Any CPU.Build.0 = Release|Any CPU
	EndGlobalSection
	GlobalSection(SolutionProperties) = preSolution
		HideSolutionNode = FALSE
	EndGlobalSection
	GlobalSection(NestedProjects) = preSolution
		{FEB727F5-7124-4833-99C4-920509189FE2} = {18C8923B-98DE-41A2-86E8-30B0376EB1C8}
		{85DA03A1-5079-4118-9AAD-1EA07C74E98E} = {18C8923B-98DE-41A2-86E8-30B0376EB1C8}
		{AEEA7D0D-D66D-4FD3-97AC-426577F36E17} = {18C8923B-98DE-41A2-86E8-30B0376EB1C8}
		{B73615BD-F426-4AD4-8FAA-5B11275F1E74} = {FEB727F5-7124-4833-99C4-920509189FE2}
		{BDB59920-1A1D-46EB-AF06-5AD280519B61} = {AEEA7D0D-D66D-4FD3-97AC-426577F36E17}
		{D39D1396-A273-4162-9DF8-879A5CAE6D25} = {85DA03A1-5079-4118-9AAD-1EA07C74E98E}
	EndGlobalSection
	GlobalSection(ExtensibilityGlobals) = postSolution
		SolutionGuid = {1139537E-B938-4493-8198-8861E31FC14A}
	EndGlobalSection
EndGlobal
